
Microsoft Visual Studio Solution File, Format Version 12.00
# Visual Studio Version 17
VisualStudioVersion = 17.14.36109.1
MinimumVisualStudioVersion = 10.0.40219.1
Project("{FAE04EC0-301F-11D3-BF4B-00C04F79EFBC}") = "DellCPPL", "DellCPPL\DellCPPL.csproj", "{09C9E799-349E-4421-BDD2-669755CC029D}"
EndProject
Global
	GlobalSection(SolutionConfigurationPlatforms) = preSolution
		Debug|Any CPU = Debug|Any CPU
		Release|Any CPU = Release|Any CPU
	EndGlobalSection
	GlobalSection(ProjectConfigurationPlatforms) = postSolution
		{09C9E799-349E-4421-BDD2-669755CC029D}.Debug|Any CPU.ActiveCfg = Debug|Any CPU
		{09C9E799-349E-4421-BDD2-669755CC029D}.Debug|Any CPU.Build.0 = Debug|Any CPU
		{09C9E799-349E-4421-BDD2-669755CC029D}.Release|Any CPU.ActiveCfg = Release|Any CPU
		{09C9E799-349E-4421-BDD2-669755CC029D}.Release|Any CPU.Build.0 = Release|Any CPU
	EndGlobalSection
	GlobalSection(SolutionProperties) = preSolution
		HideSolutionNode = FALSE
	EndGlobalSection
	GlobalSection(ExtensibilityGlobals) = postSolution
		SolutionGuid = {3EAD268F-2735-4ACF-8CEA-B7BB0ABBE43C}
	EndGlobalSection
EndGlobal
